
Microsoft Visual Studio Solution File, Format Version 12.00
# Visual Studio Version 16
VisualStudioVersion = 16.0.30804.86
MinimumVisualStudioVersion = 10.0.40219.1
Project("{FAE04EC0-301F-11D3-BF4B-00C04F79EFBC}") = "Rechner", "Rechner\Rechner.csproj", "{3D0E931C-8D16-4308-BAC2-F1064ADE188D}"
EndProject
Global
	GlobalSection(SolutionConfigurationPlatforms) = preSolution
		Debug|Any CPU = Debug|Any CPU
		Release|Any CPU = Release|Any CPU
	EndGlobalSection
	GlobalSection(ProjectConfigurationPlatforms) = postSolution
		{3D0E931C-8D16-4308-BAC2-F1064ADE188D}.Debug|Any CPU.ActiveCfg = Debug|Any CPU
		{3D0E931C-8D16-4308-BAC2-F1064ADE188D}.Debug|Any CPU.Build.0 = Debug|Any CPU
		{3D0E931C-8D16-4308-BAC2-F1064ADE188D}.Release|Any CPU.ActiveCfg = Release|Any CPU
		{3D0E931C-8D16-4308-BAC2-F1064ADE188D}.Release|Any CPU.Build.0 = Release|Any CPU
	EndGlobalSection
	GlobalSection(SolutionProperties) = preSolution
		HideSolutionNode = FALSE
	EndGlobalSection
	GlobalSection(ExtensibilityGlobals) = postSolution
		SolutionGuid = {F84EF29D-92D2-4771-86C6-FF8B00A757C7}
	EndGlobalSection
EndGlobal
